
Microsoft Visual Studio Solution File, Format Version 12.00
# Visual Studio Version 17
VisualStudioVersion = 17.10.34916.146
MinimumVisualStudioVersion = 10.0.40219.1
Project("{FAE04EC0-301F-11D3-BF4B-00C04F79EFBC}") = "AuthApi", "AuthApi.csproj", "{D4C40B41-B226-4409-842B-73F884ED65FD}"
EndProject
Global
	GlobalSection(SolutionConfigurationPlatforms) = preSolution
		Debug|Any CPU = Debug|Any CPU
		Release|Any CPU = Release|Any CPU
	EndGlobalSection
	GlobalSection(ProjectConfigurationPlatforms) = postSolution
		{D4C40B41-B226-4409-842B-73F884ED65FD}.Debug|Any CPU.ActiveCfg = Debug|Any CPU
		{D4C40B41-B226-4409-842B-73F884ED65FD}.Debug|Any CPU.Build.0 = Debug|Any CPU
		{D4C40B41-B226-4409-842B-73F884ED65FD}.Release|Any CPU.ActiveCfg = Release|Any CPU
		{D4C40B41-B226-4409-842B-73F884ED65FD}.Release|Any CPU.Build.0 = Release|Any CPU
	EndGlobalSection
	GlobalSection(SolutionProperties) = preSolution
		HideSolutionNode = FALSE
	EndGlobalSection
	GlobalSection(ExtensibilityGlobals) = postSolution
		SolutionGuid = {54657460-8B9D-43E4-B6FF-36E10BB64BCB}
	EndGlobalSection
EndGlobal
